// !$*UTF8*$!
{
	archiveVersion = 1;
	classes = {
	};
	objectVersion = 50;
	objects = {

/* Begin PBXBuildFile section */
		AC576C34B7C468428E70BF60 /* DemoInteractor.m in Sources */ = {isa = PBXBuildFile; fileRef = AC5768B114A9BE93F7844948 /* DemoInteractor.m */; };
		AC576E00FC12D7EE746D0572 /* DemoPresenter.m in Sources */ = {isa = PBXBuildFile; fileRef = AC576D832991A8DBCE5A7385 /* DemoPresenter.m */; };
		B61F844521486A4C009747D2 /* DemoView.xib in Resources */ = {isa = PBXBuildFile; fileRef = B61F844421486A4C009747D2 /* DemoView.xib */; };
		B61F844C21487428009747D2 /* DemoConfigurator.m in Sources */ = {isa = PBXBuildFile; fileRef = B61F844B21487428009747D2 /* DemoConfigurator.m */; };
		B61F84502149D8B2009747D2 /* DemoViewController.m in Sources */ = {isa = PBXBuildFile; fileRef = B61F844E2149D8B2009747D2 /* DemoViewController.m */; };
		B61F84512149D8B2009747D2 /* DemoViewController.xib in Resources */ = {isa = PBXBuildFile; fileRef = B61F844F2149D8B2009747D2 /* DemoViewController.xib */; };
		B61F8454214A4278009747D2 /* DemoRouter.m in Sources */ = {isa = PBXBuildFile; fileRef = B61F8453214A4278009747D2 /* DemoRouter.m */; };
		B6473BEB2147A200002C6F36 /* AppDelegate.m in Sources */ = {isa = PBXBuildFile; fileRef = B6473BEA2147A200002C6F36 /* AppDelegate.m */; };
		B6473BEE2147A200002C6F36 /* MainViewController.m in Sources */ = {isa = PBXBuildFile; fileRef = B6473BED2147A200002C6F36 /* MainViewController.m */; };
		B6473BF12147A200002C6F36 /* Main.storyboard in Resources */ = {isa = PBXBuildFile; fileRef = B6473BEF2147A200002C6F36 /* Main.storyboard */; };
		B6473BF42147A200002C6F36 /* com_example_viper_demo.xcdatamodeld in Sources */ = {isa = PBXBuildFile; fileRef = B6473BF22147A200002C6F36 /* com_example_viper_demo.xcdatamodeld */; };
		B6473BF62147A203002C6F36 /* Assets.xcassets in Resources */ = {isa = PBXBuildFile; fileRef = B6473BF52147A203002C6F36 /* Assets.xcassets */; };
		B6473BF92147A203002C6F36 /* LaunchScreen.storyboard in Resources */ = {isa = PBXBuildFile; fileRef = B6473BF72147A203002C6F36 /* LaunchScreen.storyboard */; };
		B6473BFC2147A203002C6F36 /* main.m in Sources */ = {isa = PBXBuildFile; fileRef = B6473BFB2147A203002C6F36 /* main.m */; };
		B6473C062147A203002C6F36 /* com_example_viper_demoTests.m in Sources */ = {isa = PBXBuildFile; fileRef = B6473C052147A203002C6F36 /* com_example_viper_demoTests.m */; };
		B6473C112147A203002C6F36 /* com_example_viper_demoUITests.m in Sources */ = {isa = PBXBuildFile; fileRef = B6473C102147A203002C6F36 /* com_example_viper_demoUITests.m */; };
/* End PBXBuildFile section */

/* Begin PBXContainerItemProxy section */
		B6473C022147A203002C6F36 /* PBXContainerItemProxy */ = {
			isa = PBXContainerItemProxy;
			containerPortal = B6473BDE2147A200002C6F36 /* Project object */;
			proxyType = 1;
			remoteGlobalIDString = B6473BE52147A200002C6F36;
			remoteInfo = com.example.viper.demo;
		};
		B6473C0D2147A203002C6F36 /* PBXContainerItemProxy */ = {
			isa = PBXContainerItemProxy;
			containerPortal = B6473BDE2147A200002C6F36 /* Project object */;
			proxyType = 1;
			remoteGlobalIDString = B6473BE52147A200002C6F36;
			remoteInfo = com.example.viper.demo;
		};
/* End PBXContainerItemProxy section */

/* Begin PBXFileReference section */
		AC5768B114A9BE93F7844948 /* DemoInteractor.m */ = {isa = PBXFileReference; fileEncoding = 4; lastKnownFileType = sourcecode.c.objc; path = DemoInteractor.m; sourceTree = "<group>"; };
		AC576AFE53AF47E0C4A774B7 /* DemoInteractor.h */ = {isa = PBXFileReference; fileEncoding = 4; lastKnownFileType = sourcecode.c.h; path = DemoInteractor.h; sourceTree = "<group>"; };
		AC576D832991A8DBCE5A7385 /* DemoPresenter.m */ = {isa = PBXFileReference; fileEncoding = 4; lastKnownFileType = sourcecode.c.objc; path = DemoPresenter.m; sourceTree = "<group>"; };
		AC576F55101B8B99049E257E /* DemoPresenter.h */ = {isa = PBXFileReference; fileEncoding = 4; lastKnownFileType = sourcecode.c.h; path = DemoPresenter.h; sourceTree = "<group>"; };
		B61F844421486A4C009747D2 /* DemoView.xib */ = {isa = PBXFileReference; lastKnownFileType = file.xib; path = DemoView.xib; sourceTree = "<group>"; };
		B61F844A21487412009747D2 /* DemoConfigurator.h */ = {isa = PBXFileReference; lastKnownFileType = sourcecode.c.h; path = DemoConfigurator.h; sourceTree = "<group>"; };
		B61F844B21487428009747D2 /* DemoConfigurator.m */ = {isa = PBXFileReference; lastKnownFileType = sourcecode.c.objc; path = DemoConfigurator.m; sourceTree = "<group>"; };
		B61F844D2149D8B2009747D2 /* DemoViewController.h */ = {isa = PBXFileReference; lastKnownFileType = sourcecode.c.h; path = DemoViewController.h; sourceTree = "<group>"; };
		B61F844E2149D8B2009747D2 /* DemoViewController.m */ = {isa = PBXFileReference; lastKnownFileType = sourcecode.c.objc; path = DemoViewController.m; sourceTree = "<group>"; };
		B61F844F2149D8B2009747D2 /* DemoViewController.xib */ = {isa = PBXFileReference; lastKnownFileType = file.xib; path = DemoViewController.xib; sourceTree = "<group>"; };
		B61F8452214A4278009747D2 /* DemoRouter.h */ = {isa = PBXFileReference; lastKnownFileType = sourcecode.c.h; path = DemoRouter.h; sourceTree = "<group>"; };
		B61F8453214A4278009747D2 /* DemoRouter.m */ = {isa = PBXFileReference; lastKnownFileType = sourcecode.c.objc; path = DemoRouter.m; sourceTree = "<group>"; };
		B6473BE62147A200002C6F36 /* com.example.viper.demo.app */ = {isa = PBXFileReference; explicitFileType = wrapper.application; includeInIndex = 0; path = com.example.viper.demo.app; sourceTree = BUILT_PRODUCTS_DIR; };
		B6473BE92147A200002C6F36 /* AppDelegate.h */ = {isa = PBXFileReference; lastKnownFileType = sourcecode.c.h; path = AppDelegate.h; sourceTree = "<group>"; };
		B6473BEA2147A200002C6F36 /* AppDelegate.m */ = {isa = PBXFileReference; lastKnownFileType = sourcecode.c.objc; path = AppDelegate.m; sourceTree = "<group>"; };
		B6473BEC2147A200002C6F36 /* MainViewController.h */ = {isa = PBXFileReference; lastKnownFileType = sourcecode.c.h; path = MainViewController.h; sourceTree = "<group>"; };
		B6473BED2147A200002C6F36 /* MainViewController.m */ = {isa = PBXFileReference; lastKnownFileType = sourcecode.c.objc; path = MainViewController.m; sourceTree = "<group>"; };
		B6473BF02147A200002C6F36 /* Base */ = {isa = PBXFileReference; lastKnownFileType = file.storyboard; name = Base; path = Base.lproj/Main.storyboard; sourceTree = "<group>"; };
		B6473BF32147A200002C6F36 /* com_example_viper_demo.xcdatamodel */ = {isa = PBXFileReference; lastKnownFileType = wrapper.xcdatamodel; path = com_example_viper_demo.xcdatamodel; sourceTree = "<group>"; };
		B6473BF52147A203002C6F36 /* Assets.xcassets */ = {isa = PBXFileReference; lastKnownFileType = folder.assetcatalog; path = Assets.xcassets; sourceTree = "<group>"; };
		B6473BF82147A203002C6F36 /* Base */ = {isa = PBXFileReference; lastKnownFileType = file.storyboard; name = Base; path = Base.lproj/LaunchScreen.storyboard; sourceTree = "<group>"; };
		B6473BFA2147A203002C6F36 /* Info.plist */ = {isa = PBXFileReference; lastKnownFileType = text.plist.xml; path = Info.plist; sourceTree = "<group>"; };
		B6473BFB2147A203002C6F36 /* main.m */ = {isa = PBXFileReference; lastKnownFileType = sourcecode.c.objc; path = main.m; sourceTree = "<group>"; };
		B6473C012147A203002C6F36 /* com.example.viper.demoTests.xctest */ = {isa = PBXFileReference; explicitFileType = wrapper.cfbundle; includeInIndex = 0; path = com.example.viper.demoTests.xctest; sourceTree = BUILT_PRODUCTS_DIR; };
		B6473C052147A203002C6F36 /* com_example_viper_demoTests.m */ = {isa = PBXFileReference; lastKnownFileType = sourcecode.c.objc; path = com_example_viper_demoTests.m; sourceTree = "<group>"; };
		B6473C072147A203002C6F36 /* Info.plist */ = {isa = PBXFileReference; lastKnownFileType = text.plist.xml; path = Info.plist; sourceTree = "<group>"; };
		B6473C0C2147A203002C6F36 /* com.example.viper.demoUITests.xctest */ = {isa = PBXFileReference; explicitFileType = wrapper.cfbundle; includeInIndex = 0; path = com.example.viper.demoUITests.xctest; sourceTree = BUILT_PRODUCTS_DIR; };
		B6473C102147A203002C6F36 /* com_example_viper_demoUITests.m */ = {isa = PBXFileReference; lastKnownFileType = sourcecode.c.objc; path = com_example_viper_demoUITests.m; sourceTree = "<group>"; };
		B6473C122147A203002C6F36 /* Info.plist */ = {isa = PBXFileReference; lastKnownFileType = text.plist.xml; path = Info.plist; sourceTree = "<group>"; };
		B6473C282147A92F002C6F36 /* DemoViewIn.h */ = {isa = PBXFileReference; lastKnownFileType = sourcecode.c.h; path = DemoViewIn.h; sourceTree = "<group>"; };
		B6473C292147A99B002C6F36 /* DemoViewOut.h */ = {isa = PBXFileReference; fileEncoding = 4; lastKnownFileType = sourcecode.c.h; path = DemoViewOut.h; sourceTree = "<group>"; };
		B6473C2A2147A9BF002C6F36 /* DemoPresenterOut.h */ = {isa = PBXFileReference; fileEncoding = 4; lastKnownFileType = sourcecode.c.h; path = DemoPresenterOut.h; sourceTree = "<group>"; };
		B6473C2B2147A9D6002C6F36 /* DemoPresenterIn.h */ = {isa = PBXFileReference; fileEncoding = 4; lastKnownFileType = sourcecode.c.h; path = DemoPresenterIn.h; sourceTree = "<group>"; };
		B6473C2D2147AA42002C6F36 /* DemoInteractorIn.h */ = {isa = PBXFileReference; fileEncoding = 4; lastKnownFileType = sourcecode.c.h; path = DemoInteractorIn.h; sourceTree = "<group>"; };
		B6473C2E2147AA59002C6F36 /* DemoInteractorOut.h */ = {isa = PBXFileReference; fileEncoding = 4; lastKnownFileType = sourcecode.c.h; path = DemoInteractorOut.h; sourceTree = "<group>"; };
		B6473C2F2147AA86002C6F36 /* DemoRouterIn.h */ = {isa = PBXFileReference; fileEncoding = 4; lastKnownFileType = sourcecode.c.h; path = DemoRouterIn.h; sourceTree = "<group>"; };
/* End PBXFileReference section */

/* Begin PBXFrameworksBuildPhase section */
		B6473BE32147A200002C6F36 /* Frameworks */ = {
			isa = PBXFrameworksBuildPhase;
			buildActionMask = 2147483647;
			files = (
			);
			runOnlyForDeploymentPostprocessing = 0;
		};
		B6473BFE2147A203002C6F36 /* Frameworks */ = {
			isa = PBXFrameworksBuildPhase;
			buildActionMask = 2147483647;
			files = (
			);
			runOnlyForDeploymentPostprocessing = 0;
		};
		B6473C092147A203002C6F36 /* Frameworks */ = {
			isa = PBXFrameworksBuildPhase;
			buildActionMask = 2147483647;
			files = (
			);
			runOnlyForDeploymentPostprocessing = 0;
		};
/* End PBXFrameworksBuildPhase section */

/* Begin PBXGroup section */
		B61F8449214871B0009747D2 /* Main */ = {
			isa = PBXGroup;
			children = (
				B6473BE92147A200002C6F36 /* AppDelegate.h */,
				B6473BEA2147A200002C6F36 /* AppDelegate.m */,
				B6473BEC2147A200002C6F36 /* MainViewController.h */,
				B6473BED2147A200002C6F36 /* MainViewController.m */,
			);
			path = Main;
			sourceTree = "<group>";
		};
		B6473BDD2147A200002C6F36 = {
			isa = PBXGroup;
			children = (
				B6473BE82147A200002C6F36 /* com.example.viper.demo */,
				B6473C042147A203002C6F36 /* com.example.viper.demoTests */,
				B6473C0F2147A203002C6F36 /* com.example.viper.demoUITests */,
				B6473BE72147A200002C6F36 /* Products */,
			);
			sourceTree = "<group>";
		};
		B6473BE72147A200002C6F36 /* Products */ = {
			isa = PBXGroup;
			children = (
				B6473BE62147A200002C6F36 /* com.example.viper.demo.app */,
				B6473C012147A203002C6F36 /* com.example.viper.demoTests.xctest */,
				B6473C0C2147A203002C6F36 /* com.example.viper.demoUITests.xctest */,
			);
			name = Products;
			sourceTree = "<group>";
		};
		B6473BE82147A200002C6F36 /* com.example.viper.demo */ = {
			isa = PBXGroup;
			children = (
				B6473C242147A812002C6F36 /* Modules */,
				B6473BEF2147A200002C6F36 /* Main.storyboard */,
				B6473BF52147A203002C6F36 /* Assets.xcassets */,
				B6473BF72147A203002C6F36 /* LaunchScreen.storyboard */,
				B6473BFA2147A203002C6F36 /* Info.plist */,
				B6473BFB2147A203002C6F36 /* main.m */,
				B6473BF22147A200002C6F36 /* com_example_viper_demo.xcdatamodeld */,
			);
			path = com.example.viper.demo;
			sourceTree = "<group>";
		};
		B6473C042147A203002C6F36 /* com.example.viper.demoTests */ = {
			isa = PBXGroup;
			children = (
				B6473C052147A203002C6F36 /* com_example_viper_demoTests.m */,
				B6473C072147A203002C6F36 /* Info.plist */,
			);
			path = com.example.viper.demoTests;
			sourceTree = "<group>";
		};
		B6473C0F2147A203002C6F36 /* com.example.viper.demoUITests */ = {
			isa = PBXGroup;
			children = (
				B6473C102147A203002C6F36 /* com_example_viper_demoUITests.m */,
				B6473C122147A203002C6F36 /* Info.plist */,
			);
			path = com.example.viper.demoUITests;
			sourceTree = "<group>";
		};
		B6473C222147A7CF002C6F36 /* Presenters */ = {
			isa = PBXGroup;
			children = (
				B6473C2A2147A9BF002C6F36 /* DemoPresenterOut.h */,
				B6473C2B2147A9D6002C6F36 /* DemoPresenterIn.h */,
				AC576D832991A8DBCE5A7385 /* DemoPresenter.m */,
				AC576F55101B8B99049E257E /* DemoPresenter.h */,
			);
			path = Presenters;
			sourceTree = "<group>";
		};
		B6473C232147A7F5002C6F36 /* Views */ = {
			isa = PBXGroup;
			children = (
				B6473C282147A92F002C6F36 /* DemoViewIn.h */,
				B6473C292147A99B002C6F36 /* DemoViewOut.h */,
				B61F844421486A4C009747D2 /* DemoView.xib */,
				B61F844D2149D8B2009747D2 /* DemoViewController.h */,
				B61F844E2149D8B2009747D2 /* DemoViewController.m */,
				B61F844F2149D8B2009747D2 /* DemoViewController.xib */,
			);
			path = Views;
			sourceTree = "<group>";
		};
		B6473C242147A812002C6F36 /* Modules */ = {
			isa = PBXGroup;
			children = (
				B61F8449214871B0009747D2 /* Main */,
				B6473C252147A81B002C6F36 /* Demo */,
			);
			path = Modules;
			sourceTree = "<group>";
		};
		B6473C252147A81B002C6F36 /* Demo */ = {
			isa = PBXGroup;
			children = (
				B6473C2C2147AA16002C6F36 /* Interactors */,
				B6473C272147A830002C6F36 /* Configurators */,
				B6473C262147A829002C6F36 /* Routers */,
				B6473C232147A7F5002C6F36 /* Views */,
				B6473C222147A7CF002C6F36 /* Presenters */,
			);
			path = Demo;
			sourceTree = "<group>";
		};
		B6473C262147A829002C6F36 /* Routers */ = {
			isa = PBXGroup;
			children = (
				B6473C2F2147AA86002C6F36 /* DemoRouterIn.h */,
				B61F8452214A4278009747D2 /* DemoRouter.h */,
				B61F8453214A4278009747D2 /* DemoRouter.m */,
			);
			path = Routers;
			sourceTree = "<group>";
		};
		B6473C272147A830002C6F36 /* Configurators */ = {
			isa = PBXGroup;
			children = (
				B61F844A21487412009747D2 /* DemoConfigurator.h */,
				B61F844B21487428009747D2 /* DemoConfigurator.m */,
			);
			path = Configurators;
			sourceTree = "<group>";
		};
		B6473C2C2147AA16002C6F36 /* Interactors */ = {
			isa = PBXGroup;
			children = (
				B6473C2D2147AA42002C6F36 /* DemoInteractorIn.h */,
				B6473C2E2147AA59002C6F36 /* DemoInteractorOut.h */,
				AC5768B114A9BE93F7844948 /* DemoInteractor.m */,
				AC576AFE53AF47E0C4A774B7 /* DemoInteractor.h */,
			);
			path = Interactors;
			sourceTree = "<group>";
		};
/* End PBXGroup section */

/* Begin PBXNativeTarget section */
		B6473BE52147A200002C6F36 /* com.example.viper.demo */ = {
			isa = PBXNativeTarget;
			buildConfigurationList = B6473C152147A203002C6F36 /* Build configuration list for PBXNativeTarget "com.example.viper.demo" */;
			buildPhases = (
				B6473BE22147A200002C6F36 /* Sources */,
				B6473BE32147A200002C6F36 /* Frameworks */,
				B6473BE42147A200002C6F36 /* Resources */,
			);
			buildRules = (
			);
			dependencies = (
			);
			name = com.example.viper.demo;
			productName = com.example.viper.demo;
			productReference = B6473BE62147A200002C6F36 /* com.example.viper.demo.app */;
			productType = "com.apple.product-type.application";
		};
		B6473C002147A203002C6F36 /* com.example.viper.demoTests */ = {
			isa = PBXNativeTarget;
			buildConfigurationList = B6473C182147A203002C6F36 /* Build configuration list for PBXNativeTarget "com.example.viper.demoTests" */;
			buildPhases = (
				B6473BFD2147A203002C6F36 /* Sources */,
				B6473BFE2147A203002C6F36 /* Frameworks */,
				B6473BFF2147A203002C6F36 /* Resources */,
			);
			buildRules = (
			);
			dependencies = (
				B6473C032147A203002C6F36 /* PBXTargetDependency */,
			);
			name = com.example.viper.demoTests;
			productName = com.example.viper.demoTests;
			productReference = B6473C012147A203002C6F36 /* com.example.viper.demoTests.xctest */;
			productType = "com.apple.product-type.bundle.unit-test";
		};
		B6473C0B2147A203002C6F36 /* com.example.viper.demoUITests */ = {
			isa = PBXNativeTarget;
			buildConfigurationList = B6473C1B2147A203002C6F36 /* Build configuration list for PBXNativeTarget "com.example.viper.demoUITests" */;
			buildPhases = (
				B6473C082147A203002C6F36 /* Sources */,
				B6473C092147A203002C6F36 /* Frameworks */,
				B6473C0A2147A203002C6F36 /* Resources */,
			);
			buildRules = (
			);
			dependencies = (
				B6473C0E2147A203002C6F36 /* PBXTargetDependency */,
			);
			name = com.example.viper.demoUITests;
			productName = com.example.viper.demoUITests;
			productReference = B6473C0C2147A203002C6F36 /* com.example.viper.demoUITests.xctest */;
			productType = "com.apple.product-type.bundle.ui-testing";
		};
/* End PBXNativeTarget section */

/* Begin PBXProject section */
		B6473BDE2147A200002C6F36 /* Project object */ = {
			isa = PBXProject;
			attributes = {
				LastUpgradeCheck = 0940;
				ORGANIZATIONNAME = eugen.t;
				TargetAttributes = {
					B6473BE52147A200002C6F36 = {
						CreatedOnToolsVersion = 9.4;
					};
					B6473C002147A203002C6F36 = {
						CreatedOnToolsVersion = 9.4;
						TestTargetID = B6473BE52147A200002C6F36;
					};
					B6473C0B2147A203002C6F36 = {
						CreatedOnToolsVersion = 9.4;
						TestTargetID = B6473BE52147A200002C6F36;
					};
				};
			};
			buildConfigurationList = B6473BE12147A200002C6F36 /* Build configuration list for PBXProject "com.example.viper.demo" */;
			compatibilityVersion = "Xcode 9.3";
			developmentRegion = en;
			hasScannedForEncodings = 0;
			knownRegions = (
				en,
				Base,
			);
			mainGroup = B6473BDD2147A200002C6F36;
			productRefGroup = B6473BE72147A200002C6F36 /* Products */;
			projectDirPath = "";
			projectRoot = "";
			targets = (
				B6473BE52147A200002C6F36 /* com.example.viper.demo */,
				B6473C002147A203002C6F36 /* com.example.viper.demoTests */,
				B6473C0B2147A203002C6F36 /* com.example.viper.demoUITests */,
			);
		};
/* End PBXProject section */

/* Begin PBXResourcesBuildPhase section */
		B6473BE42147A200002C6F36 /* Resources */ = {
			isa = PBXResourcesBuildPhase;
			buildActionMask = 2147483647;
			files = (
				B6473BF92147A203002C6F36 /* LaunchScreen.storyboard in Resources */,
				B61F844521486A4C009747D2 /* DemoView.xib in Resources */,
				B61F84512149D8B2009747D2 /* DemoViewController.xib in Resources */,
				B6473BF62147A203002C6F36 /* Assets.xcassets in Resources */,
				B6473BF12147A200002C6F36 /* Main.storyboard in Resources */,
			);
			runOnlyForDeploymentPostprocessing = 0;
		};
		B6473BFF2147A203002C6F36 /* Resources */ = {
			isa = PBXResourcesBuildPhase;
			buildActionMask = 2147483647;
			files = (
			);
			runOnlyForDeploymentPostprocessing = 0;
		};
		B6473C0A2147A203002C6F36 /* Resources */ = {
			isa = PBXResourcesBuildPhase;
			buildActionMask = 2147483647;
			files = (
			);
			runOnlyForDeploymentPostprocessing = 0;
		};
/* End PBXResourcesBuildPhase section */

/* Begin PBXSourcesBuildPhase section */
		B6473BE22147A200002C6F36 /* Sources */ = {
			isa = PBXSourcesBuildPhase;
			buildActionMask = 2147483647;
			files = (
				B61F84502149D8B2009747D2 /* DemoViewController.m in Sources */,
				B61F8454214A4278009747D2 /* DemoRouter.m in Sources */,
				B6473BF42147A200002C6F36 /* com_example_viper_demo.xcdatamodeld in Sources */,
				B6473BEE2147A200002C6F36 /* MainViewController.m in Sources */,
				B6473BFC2147A203002C6F36 /* main.m in Sources */,
				B6473BEB2147A200002C6F36 /* AppDelegate.m in Sources */,
				B61F844C21487428009747D2 /* DemoConfigurator.m in Sources */,
				AC576E00FC12D7EE746D0572 /* DemoPresenter.m in Sources */,
				AC576C34B7C468428E70BF60 /* DemoInteractor.m in Sources */,
			);
			runOnlyForDeploymentPostprocessing = 0;
		};
		B6473BFD2147A203002C6F36 /* Sources */ = {
			isa = PBXSourcesBuildPhase;
			buildActionMask = 2147483647;
			files = (
				B6473C062147A203002C6F36 /* com_example_viper_demoTests.m in Sources */,
			);
			runOnlyForDeploymentPostprocessing = 0;
		};
		B6473C082147A203002C6F36 /* Sources */ = {
			isa = PBXSourcesBuildPhase;
			buildActionMask = 2147483647;
			files = (
				B6473C112147A203002C6F36 /* com_example_viper_demoUITests.m in Sources */,
			);
			runOnlyForDeploymentPostprocessing = 0;
		};
/* End PBXSourcesBuildPhase section */

/* Begin PBXTargetDependency section */
		B6473C032147A203002C6F36 /* PBXTargetDependency */ = {
			isa = PBXTargetDependency;
			target = B6473BE52147A200002C6F36 /* com.example.viper.demo */;
			targetProxy = B6473C022147A203002C6F36 /* PBXContainerItemProxy */;
		};
		B6473C0E2147A203002C6F36 /* PBXTargetDependency */ = {
			isa = PBXTargetDependency;
			target = B6473BE52147A200002C6F36 /* com.example.viper.demo */;
			targetProxy = B6473C0D2147A203002C6F36 /* PBXContainerItemProxy */;
		};
/* End PBXTargetDependency section */

/* Begin PBXVariantGroup section */
		B6473BEF2147A200002C6F36 /* Main.storyboard */ = {
			isa = PBXVariantGroup;
			children = (
				B6473BF02147A200002C6F36 /* Base */,
			);
			name = Main.storyboard;
			sourceTree = "<group>";
		};
		B6473BF72147A203002C6F36 /* LaunchScreen.storyboard */ = {
			isa = PBXVariantGroup;
			children = (
				B6473BF82147A203002C6F36 /* Base */,
			);
			name = LaunchScreen.storyboard;
			sourceTree = "<group>";
		};
/* End PBXVariantGroup section */

/* Begin XCBuildConfiguration section */
		B6473C132147A203002C6F36 /* Debug */ = {
			isa = XCBuildConfiguration;
			buildSettings = {
				ALWAYS_SEARCH_USER_PATHS = NO;
				CLANG_ANALYZER_NONNULL = YES;
				CLANG_ANALYZER_NUMBER_OBJECT_CONVERSION = YES_AGGRESSIVE;
				CLANG_CXX_LANGUAGE_STANDARD = "gnu++14";
				CLANG_CXX_LIBRARY = "libc++";
				CLANG_ENABLE_MODULES = YES;
				CLANG_ENABLE_OBJC_ARC = YES;
				CLANG_ENABLE_OBJC_WEAK = YES;
				CLANG_WARN_BLOCK_CAPTURE_AUTORELEASING = YES;
				CLANG_WARN_BOOL_CONVERSION = YES;
				CLANG_WARN_COMMA = YES;
				CLANG_WARN_CONSTANT_CONVERSION = YES;
				CLANG_WARN_DEPRECATED_OBJC_IMPLEMENTATIONS = YES;
				CLANG_WARN_DIRECT_OBJC_ISA_USAGE = YES_ERROR;
				CLANG_WARN_DOCUMENTATION_COMMENTS = YES;
				CLANG_WARN_EMPTY_BODY = YES;
				CLANG_WARN_ENUM_CONVERSION = YES;
				CLANG_WARN_INFINITE_RECURSION = YES;
				CLANG_WARN_INT_CONVERSION = YES;
				CLANG_WARN_NON_LITERAL_NULL_CONVERSION = YES;
				CLANG_WARN_OBJC_IMPLICIT_RETAIN_SELF = YES;
				CLANG_WARN_OBJC_LITERAL_CONVERSION = YES;
				CLANG_WARN_OBJC_ROOT_CLASS = YES_ERROR;
				CLANG_WARN_RANGE_LOOP_ANALYSIS = YES;
				CLANG_WARN_STRICT_PROTOTYPES = YES;
				CLANG_WARN_SUSPICIOUS_MOVE = YES;
				CLANG_WARN_UNGUARDED_AVAILABILITY = YES_AGGRESSIVE;
				CLANG_WARN_UNREACHABLE_CODE = YES;
				CLANG_WARN__DUPLICATE_METHOD_MATCH = YES;
				CODE_SIGN_IDENTITY = "iPhone Developer";
				COPY_PHASE_STRIP = NO;
				DEBUG_INFORMATION_FORMAT = dwarf;
				ENABLE_STRICT_OBJC_MSGSEND = YES;
				ENABLE_TESTABILITY = YES;
				GCC_C_LANGUAGE_STANDARD = gnu11;
				GCC_DYNAMIC_NO_PIC = NO;
				GCC_NO_COMMON_BLOCKS = YES;
				GCC_OPTIMIZATION_LEVEL = 0;
				GCC_PREPROCESSOR_DEFINITIONS = (
					"DEBUG=1",
					"$(inherited)",
				);
				GCC_WARN_64_TO_32_BIT_CONVERSION = YES;
				GCC_WARN_ABOUT_RETURN_TYPE = YES_ERROR;
				GCC_WARN_UNDECLARED_SELECTOR = YES;
				GCC_WARN_UNINITIALIZED_AUTOS = YES_AGGRESSIVE;
				GCC_WARN_UNUSED_FUNCTION = YES;
				GCC_WARN_UNUSED_VARIABLE = YES;
				IPHONEOS_DEPLOYMENT_TARGET = 11.4;
				MTL_ENABLE_DEBUG_INFO = YES;
				ONLY_ACTIVE_ARCH = YES;
				SDKROOT = iphoneos;
			};
			name = Debug;
		};
		B6473C142147A203002C6F36 /* Release */ = {
			isa = XCBuildConfiguration;
			buildSettings = {
				ALWAYS_SEARCH_USER_PATHS = NO;
				CLANG_ANALYZER_NONNULL = YES;
				CLANG_ANALYZER_NUMBER_OBJECT_CONVERSION = YES_AGGRESSIVE;
				CLANG_CXX_LANGUAGE_STANDARD = "gnu++14";
				CLANG_CXX_LIBRARY = "libc++";
				CLANG_ENABLE_MODULES = YES;
				CLANG_ENABLE_OBJC_ARC = YES;
				CLANG_ENABLE_OBJC_WEAK = YES;
				CLANG_WARN_BLOCK_CAPTURE_AUTORELEASING = YES;
				CLANG_WARN_BOOL_CONVERSION = YES;
				CLANG_WARN_COMMA = YES;
				CLANG_WARN_CONSTANT_CONVERSION = YES;
				CLANG_WARN_DEPRECATED_OBJC_IMPLEMENTATIONS = YES;
				CLANG_WARN_DIRECT_OBJC_ISA_USAGE = YES_ERROR;
				CLANG_WARN_DOCUMENTATION_COMMENTS = YES;
				CLANG_WARN_EMPTY_BODY = YES;
				CLANG_WARN_ENUM_CONVERSION = YES;
				CLANG_WARN_INFINITE_RECURSION = YES;
				CLANG_WARN_INT_CONVERSION = YES;
				CLANG_WARN_NON_LITERAL_NULL_CONVERSION = YES;
				CLANG_WARN_OBJC_IMPLICIT_RETAIN_SELF = YES;
				CLANG_WARN_OBJC_LITERAL_CONVERSION = YES;
				CLANG_WARN_OBJC_ROOT_CLASS = YES_ERROR;
				CLANG_WARN_RANGE_LOOP_ANALYSIS = YES;
				CLANG_WARN_STRICT_PROTOTYPES = YES;
				CLANG_WARN_SUSPICIOUS_MOVE = YES;
				CLANG_WARN_UNGUARDED_AVAILABILITY = YES_AGGRESSIVE;
				CLANG_WARN_UNREACHABLE_CODE = YES;
				CLANG_WARN__DUPLICATE_METHOD_MATCH = YES;
				CODE_SIGN_IDENTITY = "iPhone Developer";
				COPY_PHASE_STRIP = NO;
				DEBUG_INFORMATION_FORMAT = "dwarf-with-dsym";
				ENABLE_NS_ASSERTIONS = NO;
				ENABLE_STRICT_OBJC_MSGSEND = YES;
				GCC_C_LANGUAGE_STANDARD = gnu11;
				GCC_NO_COMMON_BLOCKS = YES;
				GCC_WARN_64_TO_32_BIT_CONVERSION = YES;
				GCC_WARN_ABOUT_RETURN_TYPE = YES_ERROR;
				GCC_WARN_UNDECLARED_SELECTOR = YES;
				GCC_WARN_UNINITIALIZED_AUTOS = YES_AGGRESSIVE;
				GCC_WARN_UNUSED_FUNCTION = YES;
				GCC_WARN_UNUSED_VARIABLE = YES;
				IPHONEOS_DEPLOYMENT_TARGET = 11.4;
				MTL_ENABLE_DEBUG_INFO = NO;
				SDKROOT = iphoneos;
				VALIDATE_PRODUCT = YES;
			};
			name = Release;
		};
		B6473C162147A203002C6F36 /* Debug */ = {
			isa = XCBuildConfiguration;
			buildSettings = {
				ASSETCATALOG_COMPILER_APPICON_NAME = AppIcon;
				CODE_SIGN_STYLE = Automatic;
				INFOPLIST_FILE = com.example.viper.demo/Info.plist;
				LD_RUNPATH_SEARCH_PATHS = (
					"$(inherited)",
					"@executable_path/Frameworks",
				);
				PRODUCT_BUNDLE_IDENTIFIER = com.example.viper.demo.vmd;
				PRODUCT_NAME = "$(TARGET_NAME)";
				TARGETED_DEVICE_FAMILY = "1,2";
			};
			name = Debug;
		};
		B6473C172147A203002C6F36 /* Release */ = {
			isa = XCBuildConfiguration;
			buildSettings = {
				ASSETCATALOG_COMPILER_APPICON_NAME = AppIcon;
				CODE_SIGN_STYLE = Automatic;
				INFOPLIST_FILE = com.example.viper.demo/Info.plist;
				LD_RUNPATH_SEARCH_PATHS = (
					"$(inherited)",
					"@executable_path/Frameworks",
				);
				PRODUCT_BUNDLE_IDENTIFIER = com.example.viper.demo.vmd;
				PRODUCT_NAME = "$(TARGET_NAME)";
				TARGETED_DEVICE_FAMILY = "1,2";
			};
			name = Release;
		};
		B6473C192147A203002C6F36 /* Debug */ = {
			isa = XCBuildConfiguration;
			buildSettings = {
				BUNDLE_LOADER = "$(TEST_HOST)";
				CODE_SIGN_STYLE = Automatic;
				INFOPLIST_FILE = com.example.viper.demoTests/Info.plist;
				LD_RUNPATH_SEARCH_PATHS = (
					"$(inherited)",
					"@executable_path/Frameworks",
					"@loader_path/Frameworks",
				);
				PRODUCT_BUNDLE_IDENTIFIER = "com.com-example-viper-demoTests";
				PRODUCT_NAME = "$(TARGET_NAME)";
				TARGETED_DEVICE_FAMILY = "1,2";
				TEST_HOST = "$(BUILT_PRODUCTS_DIR)/com.example.viper.demo.app/com.example.viper.demo";
			};
			name = Debug;
		};
		B6473C1A2147A203002C6F36 /* Release */ = {
			isa = XCBuildConfiguration;
			buildSettings = {
				BUNDLE_LOADER = "$(TEST_HOST)";
				CODE_SIGN_STYLE = Automatic;
				INFOPLIST_FILE = com.example.viper.demoTests/Info.plist;
				LD_RUNPATH_SEARCH_PATHS = (
					"$(inherited)",
					"@executable_path/Frameworks",
					"@loader_path/Frameworks",
				);
				PRODUCT_BUNDLE_IDENTIFIER = "com.com-example-viper-demoTests";
				PRODUCT_NAME = "$(TARGET_NAME)";
				TARGETED_DEVICE_FAMILY = "1,2";
				TEST_HOST = "$(BUILT_PRODUCTS_DIR)/com.example.viper.demo.app/com.example.viper.demo";
			};
			name = Release;
		};
		B6473C1C2147A203002C6F36 /* Debug */ = {
			isa = XCBuildConfiguration;
			buildSettings = {
				CODE_SIGN_STYLE = Automatic;
				INFOPLIST_FILE = com.example.viper.demoUITests/Info.plist;
				LD_RUNPATH_SEARCH_PATHS = (
					"$(inherited)",
					"@executable_path/Frameworks",
					"@loader_path/Frameworks",
				);
				PRODUCT_BUNDLE_IDENTIFIER = "com.com-example-viper-demoUITests";
				PRODUCT_NAME = "$(TARGET_NAME)";
				TARGETED_DEVICE_FAMILY = "1,2";
				TEST_TARGET_NAME = com.example.viper.demo;
			};
			name = Debug;
		};
		B6473C1D2147A203002C6F36 /* Release */ = {
			isa = XCBuildConfiguration;
			buildSettings = {
				CODE_SIGN_STYLE = Automatic;
				INFOPLIST_FILE = com.example.viper.demoUITests/Info.plist;
				LD_RUNPATH_SEARCH_PATHS = (
					"$(inherited)",
					"@executable_path/Frameworks",
					"@loader_path/Frameworks",
				);
				PRODUCT_BUNDLE_IDENTIFIER = "com.com-example-viper-demoUITests";
				PRODUCT_NAME = "$(TARGET_NAME)";
				TARGETED_DEVICE_FAMILY = "1,2";
				TEST_TARGET_NAME = com.example.viper.demo;
			};
			name = Release;
		};
/* End XCBuildConfiguration section */

/* Begin XCConfigurationList section */
		B6473BE12147A200002C6F36 /* Build configuration list for PBXProject "com.example.viper.demo" */ = {
			isa = XCConfigurationList;
			buildConfigurations = (
				B6473C132147A203002C6F36 /* Debug */,
				B6473C142147A203002C6F36 /* Release */,
			);
			defaultConfigurationIsVisible = 0;
			defaultConfigurationName = Release;
		};
		B6473C152147A203002C6F36 /* Build configuration list for PBXNativeTarget "com.example.viper.demo" */ = {
			isa = XCConfigurationList;
			buildConfigurations = (
				B6473C162147A203002C6F36 /* Debug */,
				B6473C172147A203002C6F36 /* Release */,
			);
			defaultConfigurationIsVisible = 0;
			defaultConfigurationName = Release;
		};
		B6473C182147A203002C6F36 /* Build configuration list for PBXNativeTarget "com.example.viper.demoTests" */ = {
			isa = XCConfigurationList;
			buildConfigurations = (
				B6473C192147A203002C6F36 /* Debug */,
				B6473C1A2147A203002C6F36 /* Release */,
			);
			defaultConfigurationIsVisible = 0;
			defaultConfigurationName = Release;
		};
		B6473C1B2147A203002C6F36 /* Build configuration list for PBXNativeTarget "com.example.viper.demoUITests" */ = {
			isa = XCConfigurationList;
			buildConfigurations = (
				B6473C1C2147A203002C6F36 /* Debug */,
				B6473C1D2147A203002C6F36 /* Release */,
			);
			defaultConfigurationIsVisible = 0;
			defaultConfigurationName = Release;
		};
/* End XCConfigurationList section */

/* Begin XCVersionGroup section */
		B6473BF22147A200002C6F36 /* com_example_viper_demo.xcdatamodeld */ = {
			isa = XCVersionGroup;
			children = (
				B6473BF32147A200002C6F36 /* com_example_viper_demo.xcdatamodel */,
			);
			currentVersion = B6473BF32147A200002C6F36 /* com_example_viper_demo.xcdatamodel */;
			path = com_example_viper_demo.xcdatamodeld;
			sourceTree = "<group>";
			versionGroupType = wrapper.xcdatamodel;
		};
/* End XCVersionGroup section */
	};
	rootObject = B6473BDE2147A200002C6F36 /* Project object */;
}
